# This file is automatically @generated by Cargo.
# It is not intended for manual editing.
version = 4

[[package]]
name = "bits-link-client"
version = "0.1.0"

[[package]]
name = "bits-link-common"
version = "0.1.0"

[[package]]
name = "bits-link-relay"
version = "0.1.0"

[[package]]
name = "bits-link-server"
version = "0.1.0"
